// !$*UTF8*$!
{
	archiveVersion = 1;
	classes = {
	};
	objectVersion = 56;
	objects = {

/* Begin PBXBuildFile section */
		93ECABC129B23AA7006AA942 /* AppDelegate.swift in Sources */ = {isa = PBXBuildFile; fileRef = 93ECABC029B23AA7006AA942 /* AppDelegate.swift */; };
		93ECABC329B23AA7006AA942 /* SceneDelegate.swift in Sources */ = {isa = PBXBuildFile; fileRef = 93ECABC229B23AA7006AA942 /* SceneDelegate.swift */; };
		93ECABC529B23AA7006AA942 /* HomeViewController.swift in Sources */ = {isa = PBXBuildFile; fileRef = 93ECABC429B23AA7006AA942 /* HomeViewController.swift */; };
		93ECABCA29B23AA8006AA942 /* Assets.xcassets in Resources */ = {isa = PBXBuildFile; fileRef = 93ECABC929B23AA8006AA942 /* Assets.xcassets */; };
		93ECABCD29B23AA8006AA942 /* LaunchScreen.storyboard in Resources */ = {isa = PBXBuildFile; fileRef = 93ECABCB29B23AA8006AA942 /* LaunchScreen.storyboard */; };
		93ECABDB29B23CDD006AA942 /* TabBarViewController.swift in Sources */ = {isa = PBXBuildFile; fileRef = 93ECABDA29B23CDD006AA942 /* TabBarViewController.swift */; };
		93ECABDD29B23D1A006AA942 /* SearchViewController.swift in Sources */ = {isa = PBXBuildFile; fileRef = 93ECABDC29B23D1A006AA942 /* SearchViewController.swift */; };
		93ECABDF29B23D37006AA942 /* LibraryViewController.swift in Sources */ = {isa = PBXBuildFile; fileRef = 93ECABDE29B23D37006AA942 /* LibraryViewController.swift */; };
		93ECABE429B23D8D006AA942 /* AuthViewController.swift in Sources */ = {isa = PBXBuildFile; fileRef = 93ECABE329B23D8D006AA942 /* AuthViewController.swift */; };
		93ECABE629B23D9E006AA942 /* WelcomeViewController.swift in Sources */ = {isa = PBXBuildFile; fileRef = 93ECABE529B23D9E006AA942 /* WelcomeViewController.swift */; };
		93ECABE829B23DAD006AA942 /* SettingsViewController.swift in Sources */ = {isa = PBXBuildFile; fileRef = 93ECABE729B23DAD006AA942 /* SettingsViewController.swift */; };
		93ECABEA29B23DBC006AA942 /* ProfileViewController.swift in Sources */ = {isa = PBXBuildFile; fileRef = 93ECABE929B23DBC006AA942 /* ProfileViewController.swift */; };
		93ECABEC29B23DCC006AA942 /* PlaylistViewController.swift in Sources */ = {isa = PBXBuildFile; fileRef = 93ECABEB29B23DCC006AA942 /* PlaylistViewController.swift */; };
		93ECABEE29B23DDC006AA942 /* PlayerViewController.swift in Sources */ = {isa = PBXBuildFile; fileRef = 93ECABED29B23DDC006AA942 /* PlayerViewController.swift */; };
		93ECABF029B23DEA006AA942 /* SearchResultsViewController.swift in Sources */ = {isa = PBXBuildFile; fileRef = 93ECABEF29B23DEA006AA942 /* SearchResultsViewController.swift */; };
		93ECABF229B23E1A006AA942 /* AuthManager.swift in Sources */ = {isa = PBXBuildFile; fileRef = 93ECABF129B23E1A006AA942 /* AuthManager.swift */; };
		93ECABF429B23E25006AA942 /* APICaller.swift in Sources */ = {isa = PBXBuildFile; fileRef = 93ECABF329B23E25006AA942 /* APICaller.swift */; };
		93ECABF629B23E39006AA942 /* HapticsManager.swift in Sources */ = {isa = PBXBuildFile; fileRef = 93ECABF529B23E39006AA942 /* HapticsManager.swift */; };
		93ECABF829B23E50006AA942 /* Playlist.swift in Sources */ = {isa = PBXBuildFile; fileRef = 93ECABF729B23E50006AA942 /* Playlist.swift */; };
		93ECABFA29B23E5D006AA942 /* AudioTrack.swift in Sources */ = {isa = PBXBuildFile; fileRef = 93ECABF929B23E5D006AA942 /* AudioTrack.swift */; };
		93ECABFC29B23E66006AA942 /* Artist.swift in Sources */ = {isa = PBXBuildFile; fileRef = 93ECABFB29B23E66006AA942 /* Artist.swift */; };
		93ECABFE29B23E74006AA942 /* UserProfile.swift in Sources */ = {isa = PBXBuildFile; fileRef = 93ECABFD29B23E74006AA942 /* UserProfile.swift */; };
		93ECAC0029B24E45006AA942 /* Extensions.swift in Sources */ = {isa = PBXBuildFile; fileRef = 93ECABFF29B24E45006AA942 /* Extensions.swift */; };
		93ECAC0229B63B5F006AA942 /* AuthResponse.swift in Sources */ = {isa = PBXBuildFile; fileRef = 93ECAC0129B63B5F006AA942 /* AuthResponse.swift */; };
/* End PBXBuildFile section */

/* Begin PBXFileReference section */
		93ECABBD29B23AA7006AA942 /* SpotifyClone.app */ = {isa = PBXFileReference; explicitFileType = wrapper.application; includeInIndex = 0; path = SpotifyClone.app; sourceTree = BUILT_PRODUCTS_DIR; };
		93ECABC029B23AA7006AA942 /* AppDelegate.swift */ = {isa = PBXFileReference; lastKnownFileType = sourcecode.swift; path = AppDelegate.swift; sourceTree = "<group>"; };
		93ECABC229B23AA7006AA942 /* SceneDelegate.swift */ = {isa = PBXFileReference; lastKnownFileType = sourcecode.swift; path = SceneDelegate.swift; sourceTree = "<group>"; };
		93ECABC429B23AA7006AA942 /* HomeViewController.swift */ = {isa = PBXFileReference; lastKnownFileType = sourcecode.swift; path = HomeViewController.swift; sourceTree = "<group>"; };
		93ECABC929B23AA8006AA942 /* Assets.xcassets */ = {isa = PBXFileReference; lastKnownFileType = folder.assetcatalog; path = Assets.xcassets; sourceTree = "<group>"; };
		93ECABCC29B23AA8006AA942 /* Base */ = {isa = PBXFileReference; lastKnownFileType = file.storyboard; name = Base; path = Base.lproj/LaunchScreen.storyboard; sourceTree = "<group>"; };
		93ECABCE29B23AA8006AA942 /* Info.plist */ = {isa = PBXFileReference; lastKnownFileType = text.plist.xml; path = Info.plist; sourceTree = "<group>"; };
		93ECABDA29B23CDD006AA942 /* TabBarViewController.swift */ = {isa = PBXFileReference; lastKnownFileType = sourcecode.swift; path = TabBarViewController.swift; sourceTree = "<group>"; };
		93ECABDC29B23D1A006AA942 /* SearchViewController.swift */ = {isa = PBXFileReference; lastKnownFileType = sourcecode.swift; path = SearchViewController.swift; sourceTree = "<group>"; };
		93ECABDE29B23D37006AA942 /* LibraryViewController.swift */ = {isa = PBXFileReference; lastKnownFileType = sourcecode.swift; path = LibraryViewController.swift; sourceTree = "<group>"; };
		93ECABE329B23D8D006AA942 /* AuthViewController.swift */ = {isa = PBXFileReference; lastKnownFileType = sourcecode.swift; path = AuthViewController.swift; sourceTree = "<group>"; };
		93ECABE529B23D9E006AA942 /* WelcomeViewController.swift */ = {isa = PBXFileReference; lastKnownFileType = sourcecode.swift; path = WelcomeViewController.swift; sourceTree = "<group>"; };
		93ECABE729B23DAD006AA942 /* SettingsViewController.swift */ = {isa = PBXFileReference; lastKnownFileType = sourcecode.swift; path = SettingsViewController.swift; sourceTree = "<group>"; };
		93ECABE929B23DBC006AA942 /* ProfileViewController.swift */ = {isa = PBXFileReference; lastKnownFileType = sourcecode.swift; path = ProfileViewController.swift; sourceTree = "<group>"; };
		93ECABEB29B23DCC006AA942 /* PlaylistViewController.swift */ = {isa = PBXFileReference; lastKnownFileType = sourcecode.swift; path = PlaylistViewController.swift; sourceTree = "<group>"; };
		93ECABED29B23DDC006AA942 /* PlayerViewController.swift */ = {isa = PBXFileReference; lastKnownFileType = sourcecode.swift; path = PlayerViewController.swift; sourceTree = "<group>"; };
		93ECABEF29B23DEA006AA942 /* SearchResultsViewController.swift */ = {isa = PBXFileReference; lastKnownFileType = sourcecode.swift; path = SearchResultsViewController.swift; sourceTree = "<group>"; };
		93ECABF129B23E1A006AA942 /* AuthManager.swift */ = {isa = PBXFileReference; lastKnownFileType = sourcecode.swift; path = AuthManager.swift; sourceTree = "<group>"; };
		93ECABF329B23E25006AA942 /* APICaller.swift */ = {isa = PBXFileReference; lastKnownFileType = sourcecode.swift; path = APICaller.swift; sourceTree = "<group>"; };
		93ECABF529B23E39006AA942 /* HapticsManager.swift */ = {isa = PBXFileReference; lastKnownFileType = sourcecode.swift; path = HapticsManager.swift; sourceTree = "<group>"; };
		93ECABF729B23E50006AA942 /* Playlist.swift */ = {isa = PBXFileReference; lastKnownFileType = sourcecode.swift; path = Playlist.swift; sourceTree = "<group>"; };
		93ECABF929B23E5D006AA942 /* AudioTrack.swift */ = {isa = PBXFileReference; lastKnownFileType = sourcecode.swift; path = AudioTrack.swift; sourceTree = "<group>"; };
		93ECABFB29B23E66006AA942 /* Artist.swift */ = {isa = PBXFileReference; lastKnownFileType = sourcecode.swift; path = Artist.swift; sourceTree = "<group>"; };
		93ECABFD29B23E74006AA942 /* UserProfile.swift */ = {isa = PBXFileReference; lastKnownFileType = sourcecode.swift; path = UserProfile.swift; sourceTree = "<group>"; };
		93ECABFF29B24E45006AA942 /* Extensions.swift */ = {isa = PBXFileReference; lastKnownFileType = sourcecode.swift; path = Extensions.swift; sourceTree = "<group>"; };
		93ECAC0129B63B5F006AA942 /* AuthResponse.swift */ = {isa = PBXFileReference; lastKnownFileType = sourcecode.swift; path = AuthResponse.swift; sourceTree = "<group>"; };
/* End PBXFileReference section */

/* Begin PBXFrameworksBuildPhase section */
		93ECABBA29B23AA7006AA942 /* Frameworks */ = {
			isa = PBXFrameworksBuildPhase;
			buildActionMask = 2147483647;
			files = (
			);
			runOnlyForDeploymentPostprocessing = 0;
		};
/* End PBXFrameworksBuildPhase section */

/* Begin PBXGroup section */
		93ECABB429B23AA7006AA942 = {
			isa = PBXGroup;
			children = (
				93ECABBF29B23AA7006AA942 /* SpotifyClone */,
				93ECABBE29B23AA7006AA942 /* Products */,
			);
			sourceTree = "<group>";
		};
		93ECABBE29B23AA7006AA942 /* Products */ = {
			isa = PBXGroup;
			children = (
				93ECABBD29B23AA7006AA942 /* SpotifyClone.app */,
			);
			name = Products;
			sourceTree = "<group>";
		};
		93ECABBF29B23AA7006AA942 /* SpotifyClone */ = {
			isa = PBXGroup;
			children = (
				93ECABD929B23B30006AA942 /* Resources */,
				93ECABD829B23B26006AA942 /* Managers */,
				93ECABD729B23B1C006AA942 /* ViewModels */,
				93ECABD629B23B12006AA942 /* Models */,
				93ECABD529B23B09006AA942 /* Views */,
				93ECABD429B23AFF006AA942 /* Controllers */,
				93ECABCE29B23AA8006AA942 /* Info.plist */,
			);
			path = SpotifyClone;
			sourceTree = "<group>";
		};
		93ECABD429B23AFF006AA942 /* Controllers */ = {
			isa = PBXGroup;
			children = (
				93ECABE229B23D81006AA942 /* Other */,
				93ECABE129B23D5B006AA942 /* Core */,
			);
			path = Controllers;
			sourceTree = "<group>";
		};
		93ECABD529B23B09006AA942 /* Views */ = {
			isa = PBXGroup;
			children = (
				93ECABCB29B23AA8006AA942 /* LaunchScreen.storyboard */,
			);
			path = Views;
			sourceTree = "<group>";
		};
		93ECABD629B23B12006AA942 /* Models */ = {
			isa = PBXGroup;
			children = (
				93ECABF729B23E50006AA942 /* Playlist.swift */,
				93ECABF929B23E5D006AA942 /* AudioTrack.swift */,
				93ECABFB29B23E66006AA942 /* Artist.swift */,
				93ECABFD29B23E74006AA942 /* UserProfile.swift */,
				93ECAC0129B63B5F006AA942 /* AuthResponse.swift */,
			);
			path = Models;
			sourceTree = "<group>";
		};
		93ECABD729B23B1C006AA942 /* ViewModels */ = {
			isa = PBXGroup;
			children = (
			);
			path = ViewModels;
			sourceTree = "<group>";
		};
		93ECABD829B23B26006AA942 /* Managers */ = {
			isa = PBXGroup;
			children = (
				93ECABF129B23E1A006AA942 /* AuthManager.swift */,
				93ECABF329B23E25006AA942 /* APICaller.swift */,
				93ECABF529B23E39006AA942 /* HapticsManager.swift */,
			);
			path = Managers;
			sourceTree = "<group>";
		};
		93ECABD929B23B30006AA942 /* Resources */ = {
			isa = PBXGroup;
			children = (
				93ECABC929B23AA8006AA942 /* Assets.xcassets */,
				93ECABC029B23AA7006AA942 /* AppDelegate.swift */,
				93ECABC229B23AA7006AA942 /* SceneDelegate.swift */,
				93ECABFF29B24E45006AA942 /* Extensions.swift */,
			);
			path = Resources;
			sourceTree = "<group>";
		};
		93ECABE129B23D5B006AA942 /* Core */ = {
			isa = PBXGroup;
			children = (
				93ECABDA29B23CDD006AA942 /* TabBarViewController.swift */,
				93ECABC429B23AA7006AA942 /* HomeViewController.swift */,
				93ECABDC29B23D1A006AA942 /* SearchViewController.swift */,
				93ECABDE29B23D37006AA942 /* LibraryViewController.swift */,
			);
			path = Core;
			sourceTree = "<group>";
		};
		93ECABE229B23D81006AA942 /* Other */ = {
			isa = PBXGroup;
			children = (
				93ECABE329B23D8D006AA942 /* AuthViewController.swift */,
				93ECABE529B23D9E006AA942 /* WelcomeViewController.swift */,
				93ECABE729B23DAD006AA942 /* SettingsViewController.swift */,
				93ECABE929B23DBC006AA942 /* ProfileViewController.swift */,
				93ECABEB29B23DCC006AA942 /* PlaylistViewController.swift */,
				93ECABED29B23DDC006AA942 /* PlayerViewController.swift */,
				93ECABEF29B23DEA006AA942 /* SearchResultsViewController.swift */,
			);
			path = Other;
			sourceTree = "<group>";
		};
/* End PBXGroup section */

/* Begin PBXNativeTarget section */
		93ECABBC29B23AA7006AA942 /* SpotifyClone */ = {
			isa = PBXNativeTarget;
			buildConfigurationList = 93ECABD129B23AA8006AA942 /* Build configuration list for PBXNativeTarget "SpotifyClone" */;
			buildPhases = (
				93ECABB929B23AA7006AA942 /* Sources */,
				93ECABBA29B23AA7006AA942 /* Frameworks */,
				93ECABBB29B23AA7006AA942 /* Resources */,
			);
			buildRules = (
			);
			dependencies = (
			);
			name = SpotifyClone;
			productName = SpotifyClone;
			productReference = 93ECABBD29B23AA7006AA942 /* SpotifyClone.app */;
			productType = "com.apple.product-type.application";
		};
/* End PBXNativeTarget section */

/* Begin PBXProject section */
		93ECABB529B23AA7006AA942 /* Project object */ = {
			isa = PBXProject;
			attributes = {
				BuildIndependentTargetsInParallel = 1;
				LastSwiftUpdateCheck = 1400;
				LastUpgradeCheck = 1400;
				TargetAttributes = {
					93ECABBC29B23AA7006AA942 = {
						CreatedOnToolsVersion = 14.0;
					};
				};
			};
			buildConfigurationList = 93ECABB829B23AA7006AA942 /* Build configuration list for PBXProject "SpotifyClone" */;
			compatibilityVersion = "Xcode 14.0";
			developmentRegion = en;
			hasScannedForEncodings = 0;
			knownRegions = (
				en,
				Base,
			);
			mainGroup = 93ECABB429B23AA7006AA942;
			productRefGroup = 93ECABBE29B23AA7006AA942 /* Products */;
			projectDirPath = "";
			projectRoot = "";
			targets = (
				93ECABBC29B23AA7006AA942 /* SpotifyClone */,
			);
		};
/* End PBXProject section */

/* Begin PBXResourcesBuildPhase section */
		93ECABBB29B23AA7006AA942 /* Resources */ = {
			isa = PBXResourcesBuildPhase;
			buildActionMask = 2147483647;
			files = (
				93ECABCD29B23AA8006AA942 /* LaunchScreen.storyboard in Resources */,
				93ECABCA29B23AA8006AA942 /* Assets.xcassets in Resources */,
			);
			runOnlyForDeploymentPostprocessing = 0;
		};
/* End PBXResourcesBuildPhase section */

/* Begin PBXSourcesBuildPhase section */
		93ECABB929B23AA7006AA942 /* Sources */ = {
			isa = PBXSourcesBuildPhase;
			buildActionMask = 2147483647;
			files = (
				93ECABDD29B23D1A006AA942 /* SearchViewController.swift in Sources */,
				93ECABF829B23E50006AA942 /* Playlist.swift in Sources */,
				93ECAC0229B63B5F006AA942 /* AuthResponse.swift in Sources */,
				93ECABF229B23E1A006AA942 /* AuthManager.swift in Sources */,
				93ECABF029B23DEA006AA942 /* SearchResultsViewController.swift in Sources */,
				93ECABE629B23D9E006AA942 /* WelcomeViewController.swift in Sources */,
				93ECABEA29B23DBC006AA942 /* ProfileViewController.swift in Sources */,
				93ECABDB29B23CDD006AA942 /* TabBarViewController.swift in Sources */,
				93ECABF629B23E39006AA942 /* HapticsManager.swift in Sources */,
				93ECABFA29B23E5D006AA942 /* AudioTrack.swift in Sources */,
				93ECABC529B23AA7006AA942 /* HomeViewController.swift in Sources */,
				93ECABEE29B23DDC006AA942 /* PlayerViewController.swift in Sources */,
				93ECABE429B23D8D006AA942 /* AuthViewController.swift in Sources */,
				93ECABFE29B23E74006AA942 /* UserProfile.swift in Sources */,
				93ECAC0029B24E45006AA942 /* Extensions.swift in Sources */,
				93ECABC129B23AA7006AA942 /* AppDelegate.swift in Sources */,
				93ECABFC29B23E66006AA942 /* Artist.swift in Sources */,
				93ECABEC29B23DCC006AA942 /* PlaylistViewController.swift in Sources */,
				93ECABDF29B23D37006AA942 /* LibraryViewController.swift in Sources */,
				93ECABC329B23AA7006AA942 /* SceneDelegate.swift in Sources */,
				93ECABF429B23E25006AA942 /* APICaller.swift in Sources */,
				93ECABE829B23DAD006AA942 /* SettingsViewController.swift in Sources */,
			);
			runOnlyForDeploymentPostprocessing = 0;
		};
/* End PBXSourcesBuildPhase section */

/* Begin PBXVariantGroup section */
		93ECABCB29B23AA8006AA942 /* LaunchScreen.storyboard */ = {
			isa = PBXVariantGroup;
			children = (
				93ECABCC29B23AA8006AA942 /* Base */,
			);
			name = LaunchScreen.storyboard;
			sourceTree = "<group>";
		};
/* End PBXVariantGroup section */

/* Begin XCBuildConfiguration section */
		93ECABCF29B23AA8006AA942 /* Debug */ = {
			isa = XCBuildConfiguration;
			buildSettings = {
				ALWAYS_SEARCH_USER_PATHS = NO;
				CLANG_ANALYZER_NONNULL = YES;
				CLANG_ANALYZER_NUMBER_OBJECT_CONVERSION = YES_AGGRESSIVE;
				CLANG_CXX_LANGUAGE_STANDARD = "gnu++20";
				CLANG_ENABLE_MODULES = YES;
				CLANG_ENABLE_OBJC_ARC = YES;
				CLANG_ENABLE_OBJC_WEAK = YES;
				CLANG_WARN_BLOCK_CAPTURE_AUTORELEASING = YES;
				CLANG_WARN_BOOL_CONVERSION = YES;
				CLANG_WARN_COMMA = YES;
				CLANG_WARN_CONSTANT_CONVERSION = YES;
				CLANG_WARN_DEPRECATED_OBJC_IMPLEMENTATIONS = YES;
				CLANG_WARN_DIRECT_OBJC_ISA_USAGE = YES_ERROR;
				CLANG_WARN_DOCUMENTATION_COMMENTS = YES;
				CLANG_WARN_EMPTY_BODY = YES;
				CLANG_WARN_ENUM_CONVERSION = YES;
				CLANG_WARN_INFINITE_RECURSION = YES;
				CLANG_WARN_INT_CONVERSION = YES;
				CLANG_WARN_NON_LITERAL_NULL_CONVERSION = YES;
				CLANG_WARN_OBJC_IMPLICIT_RETAIN_SELF = YES;
				CLANG_WARN_OBJC_LITERAL_CONVERSION = YES;
				CLANG_WARN_OBJC_ROOT_CLASS = YES_ERROR;
				CLANG_WARN_QUOTED_INCLUDE_IN_FRAMEWORK_HEADER = YES;
				CLANG_WARN_RANGE_LOOP_ANALYSIS = YES;
				CLANG_WARN_STRICT_PROTOTYPES = YES;
				CLANG_WARN_SUSPICIOUS_MOVE = YES;
				CLANG_WARN_UNGUARDED_AVAILABILITY = YES_AGGRESSIVE;
				CLANG_WARN_UNREACHABLE_CODE = YES;
				CLANG_WARN__DUPLICATE_METHOD_MATCH = YES;
				COPY_PHASE_STRIP = NO;
				DEBUG_INFORMATION_FORMAT = dwarf;
				ENABLE_STRICT_OBJC_MSGSEND = YES;
				ENABLE_TESTABILITY = YES;
				GCC_C_LANGUAGE_STANDARD = gnu11;
				GCC_DYNAMIC_NO_PIC = NO;
				GCC_NO_COMMON_BLOCKS = YES;
				GCC_OPTIMIZATION_LEVEL = 0;
				GCC_PREPROCESSOR_DEFINITIONS = (
					"DEBUG=1",
					"$(inherited)",
				);
				GCC_WARN_64_TO_32_BIT_CONVERSION = YES;
				GCC_WARN_ABOUT_RETURN_TYPE = YES_ERROR;
				GCC_WARN_UNDECLARED_SELECTOR = YES;
				GCC_WARN_UNINITIALIZED_AUTOS = YES_AGGRESSIVE;
				GCC_WARN_UNUSED_FUNCTION = YES;
				GCC_WARN_UNUSED_VARIABLE = YES;
				IPHONEOS_DEPLOYMENT_TARGET = 16.0;
				MTL_ENABLE_DEBUG_INFO = INCLUDE_SOURCE;
				MTL_FAST_MATH = YES;
				ONLY_ACTIVE_ARCH = YES;
				SDKROOT = iphoneos;
				SWIFT_ACTIVE_COMPILATION_CONDITIONS = DEBUG;
				SWIFT_OPTIMIZATION_LEVEL = "-Onone";
			};
			name = Debug;
		};
		93ECABD029B23AA8006AA942 /* Release */ = {
			isa = XCBuildConfiguration;
			buildSettings = {
				ALWAYS_SEARCH_USER_PATHS = NO;
				CLANG_ANALYZER_NONNULL = YES;
				CLANG_ANALYZER_NUMBER_OBJECT_CONVERSION = YES_AGGRESSIVE;
				CLANG_CXX_LANGUAGE_STANDARD = "gnu++20";
				CLANG_ENABLE_MODULES = YES;
				CLANG_ENABLE_OBJC_ARC = YES;
				CLANG_ENABLE_OBJC_WEAK = YES;
				CLANG_WARN_BLOCK_CAPTURE_AUTORELEASING = YES;
				CLANG_WARN_BOOL_CONVERSION = YES;
				CLANG_WARN_COMMA = YES;
				CLANG_WARN_CONSTANT_CONVERSION = YES;
				CLANG_WARN_DEPRECATED_OBJC_IMPLEMENTATIONS = YES;
				CLANG_WARN_DIRECT_OBJC_ISA_USAGE = YES_ERROR;
				CLANG_WARN_DOCUMENTATION_COMMENTS = YES;
				CLANG_WARN_EMPTY_BODY = YES;
				CLANG_WARN_ENUM_CONVERSION = YES;
				CLANG_WARN_INFINITE_RECURSION = YES;
				CLANG_WARN_INT_CONVERSION = YES;
				CLANG_WARN_NON_LITERAL_NULL_CONVERSION = YES;
				CLANG_WARN_OBJC_IMPLICIT_RETAIN_SELF = YES;
				CLANG_WARN_OBJC_LITERAL_CONVERSION = YES;
				CLANG_WARN_OBJC_ROOT_CLASS = YES_ERROR;
				CLANG_WARN_QUOTED_INCLUDE_IN_FRAMEWORK_HEADER = YES;
				CLANG_WARN_RANGE_LOOP_ANALYSIS = YES;
				CLANG_WARN_STRICT_PROTOTYPES = YES;
				CLANG_WARN_SUSPICIOUS_MOVE = YES;
				CLANG_WARN_UNGUARDED_AVAILABILITY = YES_AGGRESSIVE;
				CLANG_WARN_UNREACHABLE_CODE = YES;
				CLANG_WARN__DUPLICATE_METHOD_MATCH = YES;
				COPY_PHASE_STRIP = NO;
				DEBUG_INFORMATION_FORMAT = "dwarf-with-dsym";
				ENABLE_NS_ASSERTIONS = NO;
				ENABLE_STRICT_OBJC_MSGSEND = YES;
				GCC_C_LANGUAGE_STANDARD = gnu11;
				GCC_NO_COMMON_BLOCKS = YES;
				GCC_WARN_64_TO_32_BIT_CONVERSION = YES;
				GCC_WARN_ABOUT_RETURN_TYPE = YES_ERROR;
				GCC_WARN_UNDECLARED_SELECTOR = YES;
				GCC_WARN_UNINITIALIZED_AUTOS = YES_AGGRESSIVE;
				GCC_WARN_UNUSED_FUNCTION = YES;
				GCC_WARN_UNUSED_VARIABLE = YES;
				IPHONEOS_DEPLOYMENT_TARGET = 16.0;
				MTL_ENABLE_DEBUG_INFO = NO;
				MTL_FAST_MATH = YES;
				SDKROOT = iphoneos;
				SWIFT_COMPILATION_MODE = wholemodule;
				SWIFT_OPTIMIZATION_LEVEL = "-O";
				VALIDATE_PRODUCT = YES;
			};
			name = Release;
		};
		93ECABD229B23AA8006AA942 /* Debug */ = {
			isa = XCBuildConfiguration;
			buildSettings = {
				ASSETCATALOG_COMPILER_APPICON_NAME = AppIcon;
				ASSETCATALOG_COMPILER_GLOBAL_ACCENT_COLOR_NAME = AccentColor;
				CODE_SIGN_STYLE = Automatic;
				CURRENT_PROJECT_VERSION = 1;
				DEVELOPMENT_TEAM = 8Q7D2536H4;
				GENERATE_INFOPLIST_FILE = YES;
				INFOPLIST_FILE = SpotifyClone/Info.plist;
				INFOPLIST_KEY_UIApplicationSupportsIndirectInputEvents = YES;
				INFOPLIST_KEY_UILaunchStoryboardName = LaunchScreen;
				INFOPLIST_KEY_UISupportedInterfaceOrientations_iPad = "UIInterfaceOrientationPortrait UIInterfaceOrientationPortraitUpsideDown UIInterfaceOrientationLandscapeLeft UIInterfaceOrientationLandscapeRight";
				INFOPLIST_KEY_UISupportedInterfaceOrientations_iPhone = "UIInterfaceOrientationPortrait UIInterfaceOrientationLandscapeLeft UIInterfaceOrientationLandscapeRight";
				LD_RUNPATH_SEARCH_PATHS = (
					"$(inherited)",
					"@executable_path/Frameworks",
				);
				MARKETING_VERSION = 1.0;
				PRODUCT_BUNDLE_IDENTIFIER = com.dee.SpotifyClone;
				PRODUCT_NAME = "$(TARGET_NAME)";
				SWIFT_EMIT_LOC_STRINGS = YES;
				SWIFT_VERSION = 5.0;
				TARGETED_DEVICE_FAMILY = "1,2";
			};
			name = Debug;
		};
		93ECABD329B23AA8006AA942 /* Release */ = {
			isa = XCBuildConfiguration;
			buildSettings = {
				ASSETCATALOG_COMPILER_APPICON_NAME = AppIcon;
				ASSETCATALOG_COMPILER_GLOBAL_ACCENT_COLOR_NAME = AccentColor;
				CODE_SIGN_STYLE = Automatic;
				CURRENT_PROJECT_VERSION = 1;
				DEVELOPMENT_TEAM = 8Q7D2536H4;
				GENERATE_INFOPLIST_FILE = YES;
				INFOPLIST_FILE = SpotifyClone/Info.plist;
				INFOPLIST_KEY_UIApplicationSupportsIndirectInputEvents = YES;
				INFOPLIST_KEY_UILaunchStoryboardName = LaunchScreen;
				INFOPLIST_KEY_UISupportedInterfaceOrientations_iPad = "UIInterfaceOrientationPortrait UIInterfaceOrientationPortraitUpsideDown UIInterfaceOrientationLandscapeLeft UIInterfaceOrientationLandscapeRight";
				INFOPLIST_KEY_UISupportedInterfaceOrientations_iPhone = "UIInterfaceOrientationPortrait UIInterfaceOrientationLandscapeLeft UIInterfaceOrientationLandscapeRight";
				LD_RUNPATH_SEARCH_PATHS = (
					"$(inherited)",
					"@executable_path/Frameworks",
				);
				MARKETING_VERSION = 1.0;
				PRODUCT_BUNDLE_IDENTIFIER = com.dee.SpotifyClone;
				PRODUCT_NAME = "$(TARGET_NAME)";
				SWIFT_EMIT_LOC_STRINGS = YES;
				SWIFT_VERSION = 5.0;
				TARGETED_DEVICE_FAMILY = "1,2";
			};
			name = Release;
		};
/* End XCBuildConfiguration section */

/* Begin XCConfigurationList section */
		93ECABB829B23AA7006AA942 /* Build configuration list for PBXProject "SpotifyClone" */ = {
			isa = XCConfigurationList;
			buildConfigurations = (
				93ECABCF29B23AA8006AA942 /* Debug */,
				93ECABD029B23AA8006AA942 /* Release */,
			);
			defaultConfigurationIsVisible = 0;
			defaultConfigurationName = Release;
		};
		93ECABD129B23AA8006AA942 /* Build configuration list for PBXNativeTarget "SpotifyClone" */ = {
			isa = XCConfigurationList;
			buildConfigurations = (
				93ECABD229B23AA8006AA942 /* Debug */,
				93ECABD329B23AA8006AA942 /* Release */,
			);
			defaultConfigurationIsVisible = 0;
			defaultConfigurationName = Release;
		};
/* End XCConfigurationList section */
	};
	rootObject = 93ECABB529B23AA7006AA942 /* Project object */;
}
